{
  "requires": true,
  "lockfileVersion": 1,
  "dependencies": {
    "uview-ui": {
      "version": "2.0.10",
      "resolved": "https://registry.npmmirror.com/uview-ui/download/uview-ui-2.0.10.tgz",
      "integrity": "sha512-O6gonHabyjBqZrTNS9ejAyUrcdSoXJeVcGHFflG4DsDi2Pahrh+ydoB/lDq2tMIvt2W2veMyShXVMnmruEWkrA=="
    }
  }
}
